// !$*UTF8*$!
{
	archiveVersion = 1;
	classes = {
	};
	objectVersion = 46;
	objects = {

/* Begin PBXBuildFile section */
		CA23EC4B1DADDC4B0078A802 /* AppDelegate.swift in Sources */ = {isa = PBXBuildFile; fileRef = CA23EC4A1DADDC4B0078A802 /* AppDelegate.swift */; };
		CA23EC4D1DADDC4B0078A802 /* ViewController.swift in Sources */ = {isa = PBXBuildFile; fileRef = CA23EC4C1DADDC4B0078A802 /* ViewController.swift */; };
		CA23EC501DADDC4B0078A802 /* Main.storyboard in Resources */ = {isa = PBXBuildFile; fileRef = CA23EC4E1DADDC4B0078A802 /* Main.storyboard */; };
		CA23EC521DADDC4B0078A802 /* Assets.xcassets in Resources */ = {isa = PBXBuildFile; fileRef = CA23EC511DADDC4B0078A802 /* Assets.xcassets */; };
		CA23EC551DADDC4B0078A802 /* LaunchScreen.storyboard in Resources */ = {isa = PBXBuildFile; fileRef = CA23EC531DADDC4B0078A802 /* LaunchScreen.storyboard */; };
/* End PBXBuildFile section */

/* Begin PBXFileReference section */
		CA23EC471DADDC4B0078A802 /* emojji.dictionary.app */ = {isa = PBXFileReference; explicitFileType = wrapper.application; includeInIndex = 0; path = emojji.dictionary.app; sourceTree = BUILT_PRODUCTS_DIR; };
		CA23EC4A1DADDC4B0078A802 /* AppDelegate.swift */ = {isa = PBXFileReference; lastKnownFileType = sourcecode.swift; path = AppDelegate.swift; sourceTree = "<group>"; };
		CA23EC4C1DADDC4B0078A802 /* ViewController.swift */ = {isa = PBXFileReference; lastKnownFileType = sourcecode.swift; path = ViewController.swift; sourceTree = "<group>"; };
		CA23EC4F1DADDC4B0078A802 /* Base */ = {isa = PBXFileReference; lastKnownFileType = file.storyboard; name = Base; path = Base.lproj/Main.storyboard; sourceTree = "<group>"; };
		CA23EC511DADDC4B0078A802 /* Assets.xcassets */ = {isa = PBXFileReference; lastKnownFileType = folder.assetcatalog; path = Assets.xcassets; sourceTree = "<group>"; };
		CA23EC541DADDC4B0078A802 /* Base */ = {isa = PBXFileReference; lastKnownFileType = file.storyboard; name = Base; path = Base.lproj/LaunchScreen.storyboard; sourceTree = "<group>"; };
		CA23EC561DADDC4B0078A802 /* Info.plist */ = {isa = PBXFileReference; lastKnownFileType = text.plist.xml; path = Info.plist; sourceTree = "<group>"; };
/* End PBXFileReference section */

/* Begin PBXFrameworksBuildPhase section */
		CA23EC441DADDC4A0078A802 /* Frameworks */ = {
			isa = PBXFrameworksBuildPhase;
			buildActionMask = 2147483647;
			files = (
			);
			runOnlyForDeploymentPostprocessing = 0;
		};
/* End PBXFrameworksBuildPhase section */

/* Begin PBXGroup section */
		CA23EC3E1DADDC4A0078A802 = {
			isa = PBXGroup;
			children = (
				CA23EC491DADDC4B0078A802 /* emojji.dictionary */,
				CA23EC481DADDC4B0078A802 /* Products */,
			);
			sourceTree = "<group>";
		};
		CA23EC481DADDC4B0078A802 /* Products */ = {
			isa = PBXGroup;
			children = (
				CA23EC471DADDC4B0078A802 /* emojji.dictionary.app */,
			);
			name = Products;
			sourceTree = "<group>";
		};
		CA23EC491DADDC4B0078A802 /* emojji.dictionary */ = {
			isa = PBXGroup;
			children = (
				CA23EC4A1DADDC4B0078A802 /* AppDelegate.swift */,
				CA23EC4C1DADDC4B0078A802 /* ViewController.swift */,
				CA23EC4E1DADDC4B0078A802 /* Main.storyboard */,
				CA23EC511DADDC4B0078A802 /* Assets.xcassets */,
				CA23EC531DADDC4B0078A802 /* LaunchScreen.storyboard */,
				CA23EC561DADDC4B0078A802 /* Info.plist */,
			);
			path = emojji.dictionary;
			sourceTree = "<group>";
		};
/* End PBXGroup section */

/* Begin PBXNativeTarget section */
		CA23EC461DADDC4A0078A802 /* emojji.dictionary */ = {
			isa = PBXNativeTarget;
			buildConfigurationList = CA23EC591DADDC4B0078A802 /* Build configuration list for PBXNativeTarget "emojji.dictionary" */;
			buildPhases = (
				CA23EC431DADDC4A0078A802 /* Sources */,
				CA23EC441DADDC4A0078A802 /* Frameworks */,
				CA23EC451DADDC4A0078A802 /* Resources */,
			);
			buildRules = (
			);
			dependencies = (
			);
			name = emojji.dictionary;
			productName = emojji.dictionary;
			productReference = CA23EC471DADDC4B0078A802 /* emojji.dictionary.app */;
			productType = "com.apple.product-type.application";
		};
/* End PBXNativeTarget section */

/* Begin PBXProject section */
		CA23EC3F1DADDC4A0078A802 /* Project object */ = {
			isa = PBXProject;
			attributes = {
				LastSwiftUpdateCheck = 0800;
				LastUpgradeCheck = 0800;
				ORGANIZATIONNAME = "Udemy lab";
				TargetAttributes = {
					CA23EC461DADDC4A0078A802 = {
						CreatedOnToolsVersion = 8.0;
						DevelopmentTeam = Z2J252DC4F;
						ProvisioningStyle = Automatic;
					};
				};
			};
			buildConfigurationList = CA23EC421DADDC4A0078A802 /* Build configuration list for PBXProject "emojji.dictionary" */;
			compatibilityVersion = "Xcode 3.2";
			developmentRegion = English;
			hasScannedForEncodings = 0;
			knownRegions = (
				en,
				Base,
			);
			mainGroup = CA23EC3E1DADDC4A0078A802;
			productRefGroup = CA23EC481DADDC4B0078A802 /* Products */;
			projectDirPath = "";
			projectRoot = "";
			targets = (
				CA23EC461DADDC4A0078A802 /* emojji.dictionary */,
			);
		};
/* End PBXProject section */

/* Begin PBXResourcesBuildPhase section */
		CA23EC451DADDC4A0078A802 /* Resources */ = {
			isa = PBXResourcesBuildPhase;
			buildActionMask = 2147483647;
			files = (
				CA23EC551DADDC4B0078A802 /* LaunchScreen.storyboard in Resources */,
				CA23EC521DADDC4B0078A802 /* Assets.xcassets in Resources */,
				CA23EC501DADDC4B0078A802 /* Main.storyboard in Resources */,
			);
			runOnlyForDeploymentPostprocessing = 0;
		};
/* End PBXResourcesBuildPhase section */

/* Begin PBXSourcesBuildPhase section */
		CA23EC431DADDC4A0078A802 /* Sources */ = {
			isa = PBXSourcesBuildPhase;
			buildActionMask = 2147483647;
			files = (
				CA23EC4D1DADDC4B0078A802 /* ViewController.swift in Sources */,
				CA23EC4B1DADDC4B0078A802 /* AppDelegate.swift in Sources */,
			);
			runOnlyForDeploymentPostprocessing = 0;
		};
/* End PBXSourcesBuildPhase section */

/* Begin PBXVariantGroup section */
		CA23EC4E1DADDC4B0078A802 /* Main.storyboard */ = {
			isa = PBXVariantGroup;
			children = (
				CA23EC4F1DADDC4B0078A802 /* Base */,
			);
			name = Main.storyboard;
			sourceTree = "<group>";
		};
		CA23EC531DADDC4B0078A802 /* LaunchScreen.storyboard */ = {
			isa = PBXVariantGroup;
			children = (
				CA23EC541DADDC4B0078A802 /* Base */,
			);
			name = LaunchScreen.storyboard;
			sourceTree = "<group>";
		};
/* End PBXVariantGroup section */

/* Begin XCBuildConfiguration section */
		CA23EC571DADDC4B0078A802 /* Debug */ = {
			isa = XCBuildConfiguration;
			buildSettings = {
				ALWAYS_SEARCH_USER_PATHS = NO;
				CLANG_ANALYZER_NONNULL = YES;
				CLANG_CXX_LANGUAGE_STANDARD = "gnu++0x";
				CLANG_CXX_LIBRARY = "libc++";
				CLANG_ENABLE_MODULES = YES;
				CLANG_ENABLE_OBJC_ARC = YES;
				CLANG_WARN_BOOL_CONVERSION = YES;
				CLANG_WARN_CONSTANT_CONVERSION = YES;
				CLANG_WARN_DIRECT_OBJC_ISA_USAGE = YES_ERROR;
				CLANG_WARN_DOCUMENTATION_COMMENTS = YES;
				CLANG_WARN_EMPTY_BODY = YES;
				CLANG_WARN_ENUM_CONVERSION = YES;
				CLANG_WARN_INFINITE_RECURSION = YES;
				CLANG_WARN_INT_CONVERSION = YES;
				CLANG_WARN_OBJC_ROOT_CLASS = YES_ERROR;
				CLANG_WARN_SUSPICIOUS_MOVES = YES;
				CLANG_WARN_UNREACHABLE_CODE = YES;
				CLANG_WARN__DUPLICATE_METHOD_MATCH = YES;
				"CODE_SIGN_IDENTITY[sdk=iphoneos*]" = "iPhone Developer";
				COPY_PHASE_STRIP = NO;
				DEBUG_INFORMATION_FORMAT = dwarf;
				ENABLE_STRICT_OBJC_MSGSEND = YES;
				ENABLE_TESTABILITY = YES;
				GCC_C_LANGUAGE_STANDARD = gnu99;
				GCC_DYNAMIC_NO_PIC = NO;
				GCC_NO_COMMON_BLOCKS = YES;
				GCC_OPTIMIZATION_LEVEL = 0;
				GCC_PREPROCESSOR_DEFINITIONS = (
					"DEBUG=1",
					"$(inherited)",
				);
				GCC_WARN_64_TO_32_BIT_CONVERSION = YES;
				GCC_WARN_ABOUT_RETURN_TYPE = YES_ERROR;
				GCC_WARN_UNDECLARED_SELECTOR = YES;
				GCC_WARN_UNINITIALIZED_AUTOS = YES_AGGRESSIVE;
				GCC_WARN_UNUSED_FUNCTION = YES;
				GCC_WARN_UNUSED_VARIABLE = YES;
				IPHONEOS_DEPLOYMENT_TARGET = 10.0;
				MTL_ENABLE_DEBUG_INFO = YES;
				ONLY_ACTIVE_ARCH = YES;
				SDKROOT = iphoneos;
				SWIFT_ACTIVE_COMPILATION_CONDITIONS = DEBUG;
				SWIFT_OPTIMIZATION_LEVEL = "-Onone";
				TARGETED_DEVICE_FAMILY = "1,2";
			};
			name = Debug;
		};
		CA23EC581DADDC4B0078A802 /* Release */ = {
			isa = XCBuildConfiguration;
			buildSettings = {
				ALWAYS_SEARCH_USER_PATHS = NO;
				CLANG_ANALYZER_NONNULL = YES;
				CLANG_CXX_LANGUAGE_STANDARD = "gnu++0x";
				CLANG_CXX_LIBRARY = "libc++";
				CLANG_ENABLE_MODULES = YES;
				CLANG_ENABLE_OBJC_ARC = YES;
				CLANG_WARN_BOOL_CONVERSION = YES;
				CLANG_WARN_CONSTANT_CONVERSION = YES;
				CLANG_WARN_DIRECT_OBJC_ISA_USAGE = YES_ERROR;
				CLANG_WARN_DOCUMENTATION_COMMENTS = YES;
				CLANG_WARN_EMPTY_BODY = YES;
				CLANG_WARN_ENUM_CONVERSION = YES;
				CLANG_WARN_INFINITE_RECURSION = YES;
				CLANG_WARN_INT_CONVERSION = YES;
				CLANG_WARN_OBJC_ROOT_CLASS = YES_ERROR;
				CLANG_WARN_SUSPICIOUS_MOVES = YES;
				CLANG_WARN_UNREACHABLE_CODE = YES;
				CLANG_WARN__DUPLICATE_METHOD_MATCH = YES;
				"CODE_SIGN_IDENTITY[sdk=iphoneos*]" = "iPhone Developer";
				COPY_PHASE_STRIP = NO;
				DEBUG_INFORMATION_FORMAT = "dwarf-with-dsym";
				ENABLE_NS_ASSERTIONS = NO;
				ENABLE_STRICT_OBJC_MSGSEND = YES;
				GCC_C_LANGUAGE_STANDARD = gnu99;
				GCC_NO_COMMON_BLOCKS = YES;
				GCC_WARN_64_TO_32_BIT_CONVERSION = YES;
				GCC_WARN_ABOUT_RETURN_TYPE = YES_ERROR;
				GCC_WARN_UNDECLARED_SELECTOR = YES;
				GCC_WARN_UNINITIALIZED_AUTOS = YES_AGGRESSIVE;
				GCC_WARN_UNUSED_FUNCTION = YES;
				GCC_WARN_UNUSED_VARIABLE = YES;
				IPHONEOS_DEPLOYMENT_TARGET = 10.0;
				MTL_ENABLE_DEBUG_INFO = NO;
				SDKROOT = iphoneos;
				SWIFT_OPTIMIZATION_LEVEL = "-Owholemodule";
				TARGETED_DEVICE_FAMILY = "1,2";
				VALIDATE_PRODUCT = YES;
			};
			name = Release;
		};
		CA23EC5A1DADDC4B0078A802 /* Debug */ = {
			isa = XCBuildConfiguration;
			buildSettings = {
				ASSETCATALOG_COMPILER_APPICON_NAME = AppIcon;
				DEVELOPMENT_TEAM = Z2J252DC4F;
				INFOPLIST_FILE = emojji.dictionary/Info.plist;
				LD_RUNPATH_SEARCH_PATHS = "$(inherited) @executable_path/Frameworks";
				PRODUCT_BUNDLE_IDENTIFIER = "nexthop.emojji-dictionary";
				PRODUCT_NAME = "$(TARGET_NAME)";
				SWIFT_VERSION = 3.0;
			};
			name = Debug;
		};
		CA23EC5B1DADDC4B0078A802 /* Release */ = {
			isa = XCBuildConfiguration;
			buildSettings = {
				ASSETCATALOG_COMPILER_APPICON_NAME = AppIcon;
				DEVELOPMENT_TEAM = Z2J252DC4F;
				INFOPLIST_FILE = emojji.dictionary/Info.plist;
				LD_RUNPATH_SEARCH_PATHS = "$(inherited) @executable_path/Frameworks";
				PRODUCT_BUNDLE_IDENTIFIER = "nexthop.emojji-dictionary";
				PRODUCT_NAME = "$(TARGET_NAME)";
				SWIFT_VERSION = 3.0;
			};
			name = Release;
		};
/* End XCBuildConfiguration section */

/* Begin XCConfigurationList section */
		CA23EC421DADDC4A0078A802 /* Build configuration list for PBXProject "emojji.dictionary" */ = {
			isa = XCConfigurationList;
			buildConfigurations = (
				CA23EC571DADDC4B0078A802 /* Debug */,
				CA23EC581DADDC4B0078A802 /* Release */,
			);
			defaultConfigurationIsVisible = 0;
			defaultConfigurationName = Release;
		};
		CA23EC591DADDC4B0078A802 /* Build configuration list for PBXNativeTarget "emojji.dictionary" */ = {
			isa = XCConfigurationList;
			buildConfigurations = (
				CA23EC5A1DADDC4B0078A802 /* Debug */,
				CA23EC5B1DADDC4B0078A802 /* Release */,
			);
			defaultConfigurationIsVisible = 0;
		};
/* End XCConfigurationList section */
	};
	rootObject = CA23EC3F1DADDC4A0078A802 /* Project object */;
}
